
Microsoft Visual Studio Solution File, Format Version 12.00
# Visual Studio Version 17
VisualStudioVersion = 17.4.33205.214
MinimumVisualStudioVersion = 10.0.40219.1
Project("{9A19103F-16F7-4668-BE54-9A1E7A4F7556}") = "AuthApp", "AuthApp\AuthApp.csproj", "{0E251C6F-9277-4BA7-9378-0050329D50A2}"
EndProject
Project("{9A19103F-16F7-4668-BE54-9A1E7A4F7556}") = "AuthAPI", "AuthAPI\AuthAPI.csproj", "{CC15325A-B389-48C3-B934-54304FD95796}"
EndProject
Project("{9A19103F-16F7-4668-BE54-9A1E7A4F7556}") = "Data", "Data\Data.csproj", "{40E2C85B-3E01-478D-8517-E593B97F8111}"
EndProject
Global
	GlobalSection(SolutionConfigurationPlatforms) = preSolution
		Debug|Any CPU = Debug|Any CPU
		Release|Any CPU = Release|Any CPU
	EndGlobalSection
	GlobalSection(ProjectConfigurationPlatforms) = postSolution
		{0E251C6F-9277-4BA7-9378-0050329D50A2}.Debug|Any CPU.ActiveCfg = Debug|Any CPU
		{0E251C6F-9277-4BA7-9378-0050329D50A2}.Debug|Any CPU.Build.0 = Debug|Any CPU
		{0E251C6F-9277-4BA7-9378-0050329D50A2}.Release|Any CPU.ActiveCfg = Release|Any CPU
		{0E251C6F-9277-4BA7-9378-0050329D50A2}.Release|Any CPU.Build.0 = Release|Any CPU
		{CC15325A-B389-48C3-B934-54304FD95796}.Debug|Any CPU.ActiveCfg = Debug|Any CPU
		{CC15325A-B389-48C3-B934-54304FD95796}.Debug|Any CPU.Build.0 = Debug|Any CPU
		{CC15325A-B389-48C3-B934-54304FD95796}.Release|Any CPU.ActiveCfg = Release|Any CPU
		{CC15325A-B389-48C3-B934-54304FD95796}.Release|Any CPU.Build.0 = Release|Any CPU
		{40E2C85B-3E01-478D-8517-E593B97F8111}.Debug|Any CPU.ActiveCfg = Debug|Any CPU
		{40E2C85B-3E01-478D-8517-E593B97F8111}.Debug|Any CPU.Build.0 = Debug|Any CPU
		{40E2C85B-3E01-478D-8517-E593B97F8111}.Release|Any CPU.ActiveCfg = Release|Any CPU
		{40E2C85B-3E01-478D-8517-E593B97F8111}.Release|Any CPU.Build.0 = Release|Any CPU
	EndGlobalSection
	GlobalSection(SolutionProperties) = preSolution
		HideSolutionNode = FALSE
	EndGlobalSection
	GlobalSection(ExtensibilityGlobals) = postSolution
		SolutionGuid = {DE3023B8-9532-4E5F-AE72-5F686238483F}
	EndGlobalSection
EndGlobal
